
Microsoft Visual Studio Solution File, Format Version 12.00
# Visual Studio Version 16
VisualStudioVersion = 16.0.29025.244
MinimumVisualStudioVersion = 10.0.40219.1
Project("{151D2E53-A2C4-4D7D-83FE-D05416EBD58E}") = "TccWebAppTemp", "TccWebAppTemp\TccWebAppTemp.deployproj", "{10445CC6-9491-40AA-AF92-DF8D817CE849}"
EndProject
Project("{FAE04EC0-301F-11D3-BF4B-00C04F79EFBC}") = "TccAppV16", "TccAppV16\TccAppV16.csproj", "{529F8395-16A2-4D88-BAB2-275F1088EE7B}"
EndProject
Global
	GlobalSection(SolutionConfigurationPlatforms) = preSolution
		Debug|Any CPU = Debug|Any CPU
		Release|Any CPU = Release|Any CPU
	EndGlobalSection
	GlobalSection(ProjectConfigurationPlatforms) = postSolution
		{10445CC6-9491-40AA-AF92-DF8D817CE849}.Debug|Any CPU.ActiveCfg = Debug|Any CPU
		{10445CC6-9491-40AA-AF92-DF8D817CE849}.Debug|Any CPU.Build.0 = Debug|Any CPU
		{10445CC6-9491-40AA-AF92-DF8D817CE849}.Release|Any CPU.ActiveCfg = Release|Any CPU
		{10445CC6-9491-40AA-AF92-DF8D817CE849}.Release|Any CPU.Build.0 = Release|Any CPU
		{529F8395-16A2-4D88-BAB2-275F1088EE7B}.Debug|Any CPU.ActiveCfg = Debug|Any CPU
		{529F8395-16A2-4D88-BAB2-275F1088EE7B}.Debug|Any CPU.Build.0 = Debug|Any CPU
		{529F8395-16A2-4D88-BAB2-275F1088EE7B}.Release|Any CPU.ActiveCfg = Release|Any CPU
		{529F8395-16A2-4D88-BAB2-275F1088EE7B}.Release|Any CPU.Build.0 = Release|Any CPU
	EndGlobalSection
	GlobalSection(SolutionProperties) = preSolution
		HideSolutionNode = FALSE
	EndGlobalSection
	GlobalSection(ExtensibilityGlobals) = postSolution
		SolutionGuid = {BC0DD700-1768-4ABF-9A06-5FC4A6F35017}
	EndGlobalSection
EndGlobal
